
Microsoft Visual Studio Solution File, Format Version 12.00
# Visual Studio Version 16
VisualStudioVersion = 16.0.30225.117
MinimumVisualStudioVersion = 10.0.40219.1
Project("{FAE04EC0-301F-11D3-BF4B-00C04F79EFBC}") = "BasickStack", "BasickStack\BasickStack.csproj", "{BC5AC43E-FE47-4B37-952D-2CB055E248D2}"
EndProject
Project("{FAE04EC0-301F-11D3-BF4B-00C04F79EFBC}") = "Basic Queue Operations", "Basic Queue Operations\Basic Queue Operations.csproj", "{C7B016B4-5529-436F-9EBC-4305C30C2619}"
EndProject
Project("{FAE04EC0-301F-11D3-BF4B-00C04F79EFBC}") = "Maximum and Minimum Element", "Maximum and Minimum Element\Maximum and Minimum Element.csproj", "{2DEFA154-8ACB-4836-B1D9-684AE1B723BF}"
EndProject
Project("{FAE04EC0-301F-11D3-BF4B-00C04F79EFBC}") = "FastFood", "FastFood\FastFood.csproj", "{DCB16407-4B9A-4782-8A0F-055A2771D7A1}"
EndProject
Project("{FAE04EC0-301F-11D3-BF4B-00C04F79EFBC}") = "Fashion Boutique", "Fashion Boutique\Fashion Boutique.csproj", "{D4899731-7FDB-4D76-BAB3-C788F926EF16}"
EndProject
Project("{FAE04EC0-301F-11D3-BF4B-00C04F79EFBC}") = "Songs Queue", "Songs Queue\Songs Queue.csproj", "{D9C524F4-CDCF-496D-AA2F-EFD217439CD4}"
EndProject
Project("{FAE04EC0-301F-11D3-BF4B-00C04F79EFBC}") = "Balanced Parentheses", "Balanced Parentheses\Balanced Parentheses.csproj", "{9DDF17E4-1DA9-49F2-8B5D-24676DB09C89}"
EndProject
Global
	GlobalSection(SolutionConfigurationPlatforms) = preSolution
		Debug|Any CPU = Debug|Any CPU
		Release|Any CPU = Release|Any CPU
	EndGlobalSection
	GlobalSection(ProjectConfigurationPlatforms) = postSolution
		{BC5AC43E-FE47-4B37-952D-2CB055E248D2}.Debug|Any CPU.ActiveCfg = Debug|Any CPU
		{BC5AC43E-FE47-4B37-952D-2CB055E248D2}.Debug|Any CPU.Build.0 = Debug|Any CPU
		{BC5AC43E-FE47-4B37-952D-2CB055E248D2}.Release|Any CPU.ActiveCfg = Release|Any CPU
		{BC5AC43E-FE47-4B37-952D-2CB055E248D2}.Release|Any CPU.Build.0 = Release|Any CPU
		{C7B016B4-5529-436F-9EBC-4305C30C2619}.Debug|Any CPU.ActiveCfg = Debug|Any CPU
		{C7B016B4-5529-436F-9EBC-4305C30C2619}.Debug|Any CPU.Build.0 = Debug|Any CPU
		{C7B016B4-5529-436F-9EBC-4305C30C2619}.Release|Any CPU.ActiveCfg = Release|Any CPU
		{C7B016B4-5529-436F-9EBC-4305C30C2619}.Release|Any CPU.Build.0 = Release|Any CPU
		{2DEFA154-8ACB-4836-B1D9-684AE1B723BF}.Debug|Any CPU.ActiveCfg = Debug|Any CPU
		{2DEFA154-8ACB-4836-B1D9-684AE1B723BF}.Debug|Any CPU.Build.0 = Debug|Any CPU
		{2DEFA154-8ACB-4836-B1D9-684AE1B723BF}.Release|Any CPU.ActiveCfg = Release|Any CPU
		{2DEFA154-8ACB-4836-B1D9-684AE1B723BF}.Release|Any CPU.Build.0 = Release|Any CPU
		{DCB16407-4B9A-4782-8A0F-055A2771D7A1}.Debug|Any CPU.ActiveCfg = Debug|Any CPU
		{DCB16407-4B9A-4782-8A0F-055A2771D7A1}.Debug|Any CPU.Build.0 = Debug|Any CPU
		{DCB16407-4B9A-4782-8A0F-055A2771D7A1}.Release|Any CPU.ActiveCfg = Release|Any CPU
		{DCB16407-4B9A-4782-8A0F-055A2771D7A1}.Release|Any CPU.Build.0 = Release|Any CPU
		{D4899731-7FDB-4D76-BAB3-C788F926EF16}.Debug|Any CPU.ActiveCfg = Debug|Any CPU
		{D4899731-7FDB-4D76-BAB3-C788F926EF16}.Debug|Any CPU.Build.0 = Debug|Any CPU
		{D4899731-7FDB-4D76-BAB3-C788F926EF16}.Release|Any CPU.ActiveCfg = Release|Any CPU
		{D4899731-7FDB-4D76-BAB3-C788F926EF16}.Release|Any CPU.Build.0 = Release|Any CPU
		{D9C524F4-CDCF-496D-AA2F-EFD217439CD4}.Debug|Any CPU.ActiveCfg = Debug|Any CPU
		{D9C524F4-CDCF-496D-AA2F-EFD217439CD4}.Debug|Any CPU.Build.0 = Debug|Any CPU
		{D9C524F4-CDCF-496D-AA2F-EFD217439CD4}.Release|Any CPU.ActiveCfg = Release|Any CPU
		{D9C524F4-CDCF-496D-AA2F-EFD217439CD4}.Release|Any CPU.Build.0 = Release|Any CPU
		{9DDF17E4-1DA9-49F2-8B5D-24676DB09C89}.Debug|Any CPU.ActiveCfg = Debug|Any CPU
		{9DDF17E4-1DA9-49F2-8B5D-24676DB09C89}.Debug|Any CPU.Build.0 = Debug|Any CPU
		{9DDF17E4-1DA9-49F2-8B5D-24676DB09C89}.Release|Any CPU.ActiveCfg = Release|Any CPU
		{9DDF17E4-1DA9-49F2-8B5D-24676DB09C89}.Release|Any CPU.Build.0 = Release|Any CPU
	EndGlobalSection
	GlobalSection(SolutionProperties) = preSolution
		HideSolutionNode = FALSE
	EndGlobalSection
	GlobalSection(ExtensibilityGlobals) = postSolution
		SolutionGuid = {2F47D325-0561-4F90-8F39-A7CBCC55A7D4}
	EndGlobalSection
EndGlobal
