
Microsoft Visual Studio Solution File, Format Version 12.00
# Visual Studio Version 16
VisualStudioVersion = 16.0.30225.117
MinimumVisualStudioVersion = 10.0.40219.1
Project("{FAE04EC0-301F-11D3-BF4B-00C04F79EFBC}") = "JaggetArays", "JaggetArays\JaggetArays.csproj", "{D978743C-B451-4680-95C7-55866FCF5F41}"
EndProject
Project("{FAE04EC0-301F-11D3-BF4B-00C04F79EFBC}") = "JaggetArrayModifications", "JaggetArrayModifications\JaggetArrayModifications.csproj", "{18DD1741-2531-45C0-AB41-0CDEC29964E8}"
EndProject
Project("{FAE04EC0-301F-11D3-BF4B-00C04F79EFBC}") = "PascalTriangle", "PascalTriangle\PascalTriangle.csproj", "{A863121A-4C14-484E-A7C8-D7E65DD17A61}"
EndProject
Global
	GlobalSection(SolutionConfigurationPlatforms) = preSolution
		Debug|Any CPU = Debug|Any CPU
		Release|Any CPU = Release|Any CPU
	EndGlobalSection
	GlobalSection(ProjectConfigurationPlatforms) = postSolution
		{D978743C-B451-4680-95C7-55866FCF5F41}.Debug|Any CPU.ActiveCfg = Debug|Any CPU
		{D978743C-B451-4680-95C7-55866FCF5F41}.Debug|Any CPU.Build.0 = Debug|Any CPU
		{D978743C-B451-4680-95C7-55866FCF5F41}.Release|Any CPU.ActiveCfg = Release|Any CPU
		{D978743C-B451-4680-95C7-55866FCF5F41}.Release|Any CPU.Build.0 = Release|Any CPU
		{18DD1741-2531-45C0-AB41-0CDEC29964E8}.Debug|Any CPU.ActiveCfg = Debug|Any CPU
		{18DD1741-2531-45C0-AB41-0CDEC29964E8}.Debug|Any CPU.Build.0 = Debug|Any CPU
		{18DD1741-2531-45C0-AB41-0CDEC29964E8}.Release|Any CPU.ActiveCfg = Release|Any CPU
		{18DD1741-2531-45C0-AB41-0CDEC29964E8}.Release|Any CPU.Build.0 = Release|Any CPU
		{A863121A-4C14-484E-A7C8-D7E65DD17A61}.Debug|Any CPU.ActiveCfg = Debug|Any CPU
		{A863121A-4C14-484E-A7C8-D7E65DD17A61}.Debug|Any CPU.Build.0 = Debug|Any CPU
		{A863121A-4C14-484E-A7C8-D7E65DD17A61}.Release|Any CPU.ActiveCfg = Release|Any CPU
		{A863121A-4C14-484E-A7C8-D7E65DD17A61}.Release|Any CPU.Build.0 = Release|Any CPU
	EndGlobalSection
	GlobalSection(SolutionProperties) = preSolution
		HideSolutionNode = FALSE
	EndGlobalSection
	GlobalSection(ExtensibilityGlobals) = postSolution
		SolutionGuid = {FEB25AAB-A41A-4557-9645-72436FAC6602}
	EndGlobalSection
EndGlobal
