
Microsoft Visual Studio Solution File, Format Version 12.00
# Visual Studio Version 16
VisualStudioVersion = 16.0.30225.117
MinimumVisualStudioVersion = 10.0.40219.1
Project("{FAE04EC0-301F-11D3-BF4B-00C04F79EFBC}") = "MethodsAdv", "MethodsAdv\MethodsAdv.csproj", "{20969603-3F00-4ECD-BFE5-C119801C61F5}"
EndProject
Global
	GlobalSection(SolutionConfigurationPlatforms) = preSolution
		Debug|Any CPU = Debug|Any CPU
		Release|Any CPU = Release|Any CPU
	EndGlobalSection
	GlobalSection(ProjectConfigurationPlatforms) = postSolution
		{20969603-3F00-4ECD-BFE5-C119801C61F5}.Debug|Any CPU.ActiveCfg = Debug|Any CPU
		{20969603-3F00-4ECD-BFE5-C119801C61F5}.Debug|Any CPU.Build.0 = Debug|Any CPU
		{20969603-3F00-4ECD-BFE5-C119801C61F5}.Release|Any CPU.ActiveCfg = Release|Any CPU
		{20969603-3F00-4ECD-BFE5-C119801C61F5}.Release|Any CPU.Build.0 = Release|Any CPU
	EndGlobalSection
	GlobalSection(SolutionProperties) = preSolution
		HideSolutionNode = FALSE
	EndGlobalSection
	GlobalSection(ExtensibilityGlobals) = postSolution
		SolutionGuid = {8049D13D-B19C-437F-B1C4-70B32EEC6535}
	EndGlobalSection
EndGlobal
